
Microsoft Visual Studio Solution File, Format Version 12.00
# Visual Studio Version 17
VisualStudioVersion = 17.4.33103.184
MinimumVisualStudioVersion = 10.0.40219.1
Project("{2150E333-8FDC-42A3-9474-1A3956D46DE8}") = "Tests", "Tests", "{99A8BEA4-A2B9-4A22-9875-9C2686E197BB}"
EndProject
Project("{2150E333-8FDC-42A3-9474-1A3956D46DE8}") = "Domain", "Domain", "{089C7BE1-8394-45A4-AB3B-0A023B152698}"
EndProject
Project("{2150E333-8FDC-42A3-9474-1A3956D46DE8}") = "Application", "Application", "{0E15EE86-3342-4671-BB36-73C1D0E49E8A}"
EndProject
Project("{2150E333-8FDC-42A3-9474-1A3956D46DE8}") = "Infrastructure", "Infrastructure", "{DB2C821D-2268-4F11-B10D-3141960962FE}"
EndProject
Project("{2150E333-8FDC-42A3-9474-1A3956D46DE8}") = "Presentation", "Presentation", "{15E846B8-5B0E-4BB7-895D-F033B2DAA944}"
EndProject
Project("{9A19103F-16F7-4668-BE54-9A1E7A4F7556}") = "RateFilms.Domain", "RateFilms.Domain\RateFilms.Domain.csproj", "{F55FBDA9-3DB2-4DD3-8229-EC6A31B0BD7B}"
EndProject
Project("{9A19103F-16F7-4668-BE54-9A1E7A4F7556}") = "RateFilms.Application", "RateFilms.Application\RateFilms.Application.csproj", "{D36B3B3B-CF1E-44B8-B1DE-76EB2083106A}"
EndProject
Project("{9A19103F-16F7-4668-BE54-9A1E7A4F7556}") = "RateFilms.WebAPI", "RateFilms.WebAPI\RateFilms.WebAPI.csproj", "{D136FC35-6011-40E3-ACC6-AF8225C9470F}"
EndProject
Project("{9A19103F-16F7-4668-BE54-9A1E7A4F7556}") = "RateFilms.Infrastructure", "RateFilms.Infrastructure\RateFilms.Infrastructure.csproj", "{5639EEDF-E9F8-4F81-9691-6B25931553B7}"
EndProject
Project("{2150E333-8FDC-42A3-9474-1A3956D46DE8}") = "Common", "Common", "{3AF95EAD-6665-457D-9E98-A65FBF1980B3}"
EndProject
Project("{9A19103F-16F7-4668-BE54-9A1E7A4F7556}") = "RateFilms.Common", "RateFilms.Common\RateFilms.Common.csproj", "{50289351-22A9-459C-98DE-BC9645D4BEEC}"
EndProject
Project("{2150E333-8FDC-42A3-9474-1A3956D46DE8}") = "MachineModel", "MachineModel", "{5452740A-21AA-458F-8912-D1AA1F4B63B7}"
EndProject
Project("{FAE04EC0-301F-11D3-BF4B-00C04F79EFBC}") = "RateFilms.MovieRecomendation", "RateFilms.MovieRecomendation\RateFilms.MovieRecomendation.csproj", "{D13DB3CE-8C03-46A7-A218-C5A9E3E51D6D}"
EndProject
Global
	GlobalSection(SolutionConfigurationPlatforms) = preSolution
		Debug|Any CPU = Debug|Any CPU
		Release|Any CPU = Release|Any CPU
	EndGlobalSection
	GlobalSection(ProjectConfigurationPlatforms) = postSolution
		{F55FBDA9-3DB2-4DD3-8229-EC6A31B0BD7B}.Debug|Any CPU.ActiveCfg = Debug|Any CPU
		{F55FBDA9-3DB2-4DD3-8229-EC6A31B0BD7B}.Debug|Any CPU.Build.0 = Debug|Any CPU
		{F55FBDA9-3DB2-4DD3-8229-EC6A31B0BD7B}.Release|Any CPU.ActiveCfg = Release|Any CPU
		{F55FBDA9-3DB2-4DD3-8229-EC6A31B0BD7B}.Release|Any CPU.Build.0 = Release|Any CPU
		{D36B3B3B-CF1E-44B8-B1DE-76EB2083106A}.Debug|Any CPU.ActiveCfg = Debug|Any CPU
		{D36B3B3B-CF1E-44B8-B1DE-76EB2083106A}.Debug|Any CPU.Build.0 = Debug|Any CPU
		{D36B3B3B-CF1E-44B8-B1DE-76EB2083106A}.Release|Any CPU.ActiveCfg = Release|Any CPU
		{D36B3B3B-CF1E-44B8-B1DE-76EB2083106A}.Release|Any CPU.Build.0 = Release|Any CPU
		{D136FC35-6011-40E3-ACC6-AF8225C9470F}.Debug|Any CPU.ActiveCfg = Debug|Any CPU
		{D136FC35-6011-40E3-ACC6-AF8225C9470F}.Debug|Any CPU.Build.0 = Debug|Any CPU
		{D136FC35-6011-40E3-ACC6-AF8225C9470F}.Release|Any CPU.ActiveCfg = Release|Any CPU
		{D136FC35-6011-40E3-ACC6-AF8225C9470F}.Release|Any CPU.Build.0 = Release|Any CPU
		{5639EEDF-E9F8-4F81-9691-6B25931553B7}.Debug|Any CPU.ActiveCfg = Debug|Any CPU
		{5639EEDF-E9F8-4F81-9691-6B25931553B7}.Debug|Any CPU.Build.0 = Debug|Any CPU
		{5639EEDF-E9F8-4F81-9691-6B25931553B7}.Release|Any CPU.ActiveCfg = Release|Any CPU
		{5639EEDF-E9F8-4F81-9691-6B25931553B7}.Release|Any CPU.Build.0 = Release|Any CPU
		{50289351-22A9-459C-98DE-BC9645D4BEEC}.Debug|Any CPU.ActiveCfg = Debug|Any CPU
		{50289351-22A9-459C-98DE-BC9645D4BEEC}.Debug|Any CPU.Build.0 = Debug|Any CPU
		{50289351-22A9-459C-98DE-BC9645D4BEEC}.Release|Any CPU.ActiveCfg = Release|Any CPU
		{50289351-22A9-459C-98DE-BC9645D4BEEC}.Release|Any CPU.Build.0 = Release|Any CPU
		{D13DB3CE-8C03-46A7-A218-C5A9E3E51D6D}.Debug|Any CPU.ActiveCfg = Debug|Any CPU
		{D13DB3CE-8C03-46A7-A218-C5A9E3E51D6D}.Debug|Any CPU.Build.0 = Debug|Any CPU
		{D13DB3CE-8C03-46A7-A218-C5A9E3E51D6D}.Release|Any CPU.ActiveCfg = Release|Any CPU
		{D13DB3CE-8C03-46A7-A218-C5A9E3E51D6D}.Release|Any CPU.Build.0 = Release|Any CPU
	EndGlobalSection
	GlobalSection(SolutionProperties) = preSolution
		HideSolutionNode = FALSE
	EndGlobalSection
	GlobalSection(NestedProjects) = preSolution
		{F55FBDA9-3DB2-4DD3-8229-EC6A31B0BD7B} = {089C7BE1-8394-45A4-AB3B-0A023B152698}
		{D36B3B3B-CF1E-44B8-B1DE-76EB2083106A} = {0E15EE86-3342-4671-BB36-73C1D0E49E8A}
		{D136FC35-6011-40E3-ACC6-AF8225C9470F} = {15E846B8-5B0E-4BB7-895D-F033B2DAA944}
		{5639EEDF-E9F8-4F81-9691-6B25931553B7} = {DB2C821D-2268-4F11-B10D-3141960962FE}
		{50289351-22A9-459C-98DE-BC9645D4BEEC} = {3AF95EAD-6665-457D-9E98-A65FBF1980B3}
		{D13DB3CE-8C03-46A7-A218-C5A9E3E51D6D} = {5452740A-21AA-458F-8912-D1AA1F4B63B7}
	EndGlobalSection
	GlobalSection(ExtensibilityGlobals) = postSolution
		SolutionGuid = {C25D0468-F71A-4923-B265-752F2CE7A114}
	EndGlobalSection
EndGlobal
